
Microsoft Visual Studio Solution File, Format Version 12.00
# Visual Studio 15
VisualStudioVersion = 15.0.27130.2036
MinimumVisualStudioVersion = 10.0.40219.1
Project("{2150E333-8FDC-42A3-9474-1A3956D46DE8}") = "src", "src", "{41FDFA90-36D2-4CBB-9C28-3D6824355F10}"
EndProject
Project("{2150E333-8FDC-42A3-9474-1A3956D46DE8}") = "Web", "Web", "{0FCCA70E-3A18-431A-9EB9-AA6E1798A994}"
EndProject
Project("{2150E333-8FDC-42A3-9474-1A3956D46DE8}") = "Domain", "Domain", "{83A20A27-0FF1-428E-BC44-2AB08F6D2B89}"
EndProject
Project("{2150E333-8FDC-42A3-9474-1A3956D46DE8}") = "CrossCutting", "CrossCutting", "{A8030B36-1831-4A27-8224-5DB016097973}"
EndProject
Project("{9A19103F-16F7-4668-BE54-9A1E7A4F7556}") = "BattleRoyaleSolutions.Core", "BattleRoyaleSolutions.Core\BattleRoyaleSolutions.Core.csproj", "{CCEB6D27-AE29-469A-AFA1-2ED55F6A521F}"
EndProject
Project("{9A19103F-16F7-4668-BE54-9A1E7A4F7556}") = "BattleRoyaleSolutions.Application", "BattleRoyaleSolutions.Application\BattleRoyaleSolutions.Application.csproj", "{9D77EDD0-8971-44B0-A3B3-5FD28E70959B}"
EndProject
Project("{9A19103F-16F7-4668-BE54-9A1E7A4F7556}") = "BattleRoyaleSolutions.Web", "BattleRoyaleSolutions.Web\BattleRoyaleSolutions.Web.csproj", "{A40518D0-57F3-42E9-9A8F-D5825E8E8CEF}"
EndProject
Project("{2150E333-8FDC-42A3-9474-1A3956D46DE8}") = "Data", "Data", "{F59A2FCE-9397-4BCF-939A-491B65A1F127}"
EndProject
Project("{9A19103F-16F7-4668-BE54-9A1E7A4F7556}") = "BattleRoyaleSolutions.Data", "BattleRoyaleSolutions.Data\BattleRoyaleSolutions.Data.csproj", "{417DBEE2-F92E-49B0-A003-52CACE07110D}"
EndProject
Project("{9A19103F-16F7-4668-BE54-9A1E7A4F7556}") = "BattleRoyaleSolutions.IOC", "BattleRoyaleSolutions.IOC\BattleRoyaleSolutions.IOC.csproj", "{6EA856A4-2E94-460E-97C3-E34F974EB422}"
EndProject
Project("{2150E333-8FDC-42A3-9474-1A3956D46DE8}") = "tests", "tests", "{CEEB83F1-23A7-44BC-AE8A-3169FA7CE3C2}"
EndProject
Project("{2150E333-8FDC-42A3-9474-1A3956D46DE8}") = "WinService", "WinService", "{A7361654-242E-4726-858B-FA304FFFCDDC}"
EndProject
Project("{9A19103F-16F7-4668-BE54-9A1E7A4F7556}") = "BattleRoyaleSolutions.Client", "BattleRoyaleSolutions.Client\BattleRoyaleSolutions.Client.csproj", "{F3671671-6B30-45BD-AC17-A6D300B509DD}"
EndProject
Project("{9A19103F-16F7-4668-BE54-9A1E7A4F7556}") = "BattleRoyaleSolutions.Application.Test", "BattleRoyaleSolutions.Application.Test\BattleRoyaleSolutions.Application.Test.csproj", "{B3C3C0FB-D0E6-40D7-B07D-99689A0CA996}"
EndProject
Project("{9A19103F-16F7-4668-BE54-9A1E7A4F7556}") = "BattleRoyaleSolutions.Web.Test", "BattleRoyaleSolutions.Web.Test\BattleRoyaleSolutions.Web.Test.csproj", "{702A1239-3B04-434D-A1F5-6BF9731675DD}"
EndProject
Global
	GlobalSection(SolutionConfigurationPlatforms) = preSolution
		Debug|Any CPU = Debug|Any CPU
		Release|Any CPU = Release|Any CPU
	EndGlobalSection
	GlobalSection(ProjectConfigurationPlatforms) = postSolution
		{CCEB6D27-AE29-469A-AFA1-2ED55F6A521F}.Debug|Any CPU.ActiveCfg = Debug|Any CPU
		{CCEB6D27-AE29-469A-AFA1-2ED55F6A521F}.Debug|Any CPU.Build.0 = Debug|Any CPU
		{CCEB6D27-AE29-469A-AFA1-2ED55F6A521F}.Release|Any CPU.ActiveCfg = Release|Any CPU
		{CCEB6D27-AE29-469A-AFA1-2ED55F6A521F}.Release|Any CPU.Build.0 = Release|Any CPU
		{9D77EDD0-8971-44B0-A3B3-5FD28E70959B}.Debug|Any CPU.ActiveCfg = Debug|Any CPU
		{9D77EDD0-8971-44B0-A3B3-5FD28E70959B}.Debug|Any CPU.Build.0 = Debug|Any CPU
		{9D77EDD0-8971-44B0-A3B3-5FD28E70959B}.Release|Any CPU.ActiveCfg = Release|Any CPU
		{9D77EDD0-8971-44B0-A3B3-5FD28E70959B}.Release|Any CPU.Build.0 = Release|Any CPU
		{A40518D0-57F3-42E9-9A8F-D5825E8E8CEF}.Debug|Any CPU.ActiveCfg = Debug|Any CPU
		{A40518D0-57F3-42E9-9A8F-D5825E8E8CEF}.Debug|Any CPU.Build.0 = Debug|Any CPU
		{A40518D0-57F3-42E9-9A8F-D5825E8E8CEF}.Release|Any CPU.ActiveCfg = Release|Any CPU
		{A40518D0-57F3-42E9-9A8F-D5825E8E8CEF}.Release|Any CPU.Build.0 = Release|Any CPU
		{417DBEE2-F92E-49B0-A003-52CACE07110D}.Debug|Any CPU.ActiveCfg = Debug|Any CPU
		{417DBEE2-F92E-49B0-A003-52CACE07110D}.Debug|Any CPU.Build.0 = Debug|Any CPU
		{417DBEE2-F92E-49B0-A003-52CACE07110D}.Release|Any CPU.ActiveCfg = Release|Any CPU
		{417DBEE2-F92E-49B0-A003-52CACE07110D}.Release|Any CPU.Build.0 = Release|Any CPU
		{6EA856A4-2E94-460E-97C3-E34F974EB422}.Debug|Any CPU.ActiveCfg = Debug|Any CPU
		{6EA856A4-2E94-460E-97C3-E34F974EB422}.Debug|Any CPU.Build.0 = Debug|Any CPU
		{6EA856A4-2E94-460E-97C3-E34F974EB422}.Release|Any CPU.ActiveCfg = Release|Any CPU
		{6EA856A4-2E94-460E-97C3-E34F974EB422}.Release|Any CPU.Build.0 = Release|Any CPU
		{F3671671-6B30-45BD-AC17-A6D300B509DD}.Debug|Any CPU.ActiveCfg = Debug|Any CPU
		{F3671671-6B30-45BD-AC17-A6D300B509DD}.Debug|Any CPU.Build.0 = Debug|Any CPU
		{F3671671-6B30-45BD-AC17-A6D300B509DD}.Release|Any CPU.ActiveCfg = Release|Any CPU
		{F3671671-6B30-45BD-AC17-A6D300B509DD}.Release|Any CPU.Build.0 = Release|Any CPU
		{B3C3C0FB-D0E6-40D7-B07D-99689A0CA996}.Debug|Any CPU.ActiveCfg = Debug|Any CPU
		{B3C3C0FB-D0E6-40D7-B07D-99689A0CA996}.Debug|Any CPU.Build.0 = Debug|Any CPU
		{B3C3C0FB-D0E6-40D7-B07D-99689A0CA996}.Release|Any CPU.ActiveCfg = Release|Any CPU
		{B3C3C0FB-D0E6-40D7-B07D-99689A0CA996}.Release|Any CPU.Build.0 = Release|Any CPU
		{702A1239-3B04-434D-A1F5-6BF9731675DD}.Debug|Any CPU.ActiveCfg = Debug|Any CPU
		{702A1239-3B04-434D-A1F5-6BF9731675DD}.Debug|Any CPU.Build.0 = Debug|Any CPU
		{702A1239-3B04-434D-A1F5-6BF9731675DD}.Release|Any CPU.ActiveCfg = Release|Any CPU
		{702A1239-3B04-434D-A1F5-6BF9731675DD}.Release|Any CPU.Build.0 = Release|Any CPU
	EndGlobalSection
	GlobalSection(SolutionProperties) = preSolution
		HideSolutionNode = FALSE
	EndGlobalSection
	GlobalSection(NestedProjects) = preSolution
		{0FCCA70E-3A18-431A-9EB9-AA6E1798A994} = {41FDFA90-36D2-4CBB-9C28-3D6824355F10}
		{83A20A27-0FF1-428E-BC44-2AB08F6D2B89} = {41FDFA90-36D2-4CBB-9C28-3D6824355F10}
		{A8030B36-1831-4A27-8224-5DB016097973} = {41FDFA90-36D2-4CBB-9C28-3D6824355F10}
		{CCEB6D27-AE29-469A-AFA1-2ED55F6A521F} = {83A20A27-0FF1-428E-BC44-2AB08F6D2B89}
		{9D77EDD0-8971-44B0-A3B3-5FD28E70959B} = {83A20A27-0FF1-428E-BC44-2AB08F6D2B89}
		{A40518D0-57F3-42E9-9A8F-D5825E8E8CEF} = {0FCCA70E-3A18-431A-9EB9-AA6E1798A994}
		{F59A2FCE-9397-4BCF-939A-491B65A1F127} = {41FDFA90-36D2-4CBB-9C28-3D6824355F10}
		{417DBEE2-F92E-49B0-A003-52CACE07110D} = {F59A2FCE-9397-4BCF-939A-491B65A1F127}
		{6EA856A4-2E94-460E-97C3-E34F974EB422} = {A8030B36-1831-4A27-8224-5DB016097973}
		{A7361654-242E-4726-858B-FA304FFFCDDC} = {41FDFA90-36D2-4CBB-9C28-3D6824355F10}
		{F3671671-6B30-45BD-AC17-A6D300B509DD} = {A7361654-242E-4726-858B-FA304FFFCDDC}
		{B3C3C0FB-D0E6-40D7-B07D-99689A0CA996} = {CEEB83F1-23A7-44BC-AE8A-3169FA7CE3C2}
		{702A1239-3B04-434D-A1F5-6BF9731675DD} = {CEEB83F1-23A7-44BC-AE8A-3169FA7CE3C2}
	EndGlobalSection
	GlobalSection(ExtensibilityGlobals) = postSolution
		SolutionGuid = {96473B9D-1DFA-4842-8C1C-20C10E9F4DD6}
	EndGlobalSection
EndGlobal
